
Microsoft Visual Studio Solution File, Format Version 12.00
# Visual Studio Version 17
VisualStudioVersion = 17.0.32112.339
MinimumVisualStudioVersion = 10.0.40219.1
Project("{9A19103F-16F7-4668-BE54-9A1E7A4F7556}") = "SummingCalculator", "SummingCalculator\SummingCalculator.csproj", "{D5DDA3FE-7364-4478-8A82-8520BF3FBD83}"
EndProject
Project("{FAE04EC0-301F-11D3-BF4B-00C04F79EFBC}") = "CalculateFromText", "CalculateFromText\CalculateFromText.csproj", "{061E8169-A749-4A42-88AC-208EBCEAA377}"
EndProject
Project("{FAE04EC0-301F-11D3-BF4B-00C04F79EFBC}") = "TestCalculateFromText", "TestCalculateFromText\TestCalculateFromText.csproj", "{25DC7090-8BC9-404F-9E73-DDCE445EE065}"
EndProject
Global
	GlobalSection(SolutionConfigurationPlatforms) = preSolution
		Debug|Any CPU = Debug|Any CPU
		Release|Any CPU = Release|Any CPU
	EndGlobalSection
	GlobalSection(ProjectConfigurationPlatforms) = postSolution
		{D5DDA3FE-7364-4478-8A82-8520BF3FBD83}.Debug|Any CPU.ActiveCfg = Debug|Any CPU
		{D5DDA3FE-7364-4478-8A82-8520BF3FBD83}.Debug|Any CPU.Build.0 = Debug|Any CPU
		{D5DDA3FE-7364-4478-8A82-8520BF3FBD83}.Release|Any CPU.ActiveCfg = Release|Any CPU
		{D5DDA3FE-7364-4478-8A82-8520BF3FBD83}.Release|Any CPU.Build.0 = Release|Any CPU
		{061E8169-A749-4A42-88AC-208EBCEAA377}.Debug|Any CPU.ActiveCfg = Debug|Any CPU
		{061E8169-A749-4A42-88AC-208EBCEAA377}.Debug|Any CPU.Build.0 = Debug|Any CPU
		{061E8169-A749-4A42-88AC-208EBCEAA377}.Release|Any CPU.ActiveCfg = Release|Any CPU
		{061E8169-A749-4A42-88AC-208EBCEAA377}.Release|Any CPU.Build.0 = Release|Any CPU
		{25DC7090-8BC9-404F-9E73-DDCE445EE065}.Debug|Any CPU.ActiveCfg = Debug|Any CPU
		{25DC7090-8BC9-404F-9E73-DDCE445EE065}.Debug|Any CPU.Build.0 = Debug|Any CPU
		{25DC7090-8BC9-404F-9E73-DDCE445EE065}.Release|Any CPU.ActiveCfg = Release|Any CPU
		{25DC7090-8BC9-404F-9E73-DDCE445EE065}.Release|Any CPU.Build.0 = Release|Any CPU
	EndGlobalSection
	GlobalSection(SolutionProperties) = preSolution
		HideSolutionNode = FALSE
	EndGlobalSection
	GlobalSection(ExtensibilityGlobals) = postSolution
		SolutionGuid = {44821FAA-1571-4E54-A75D-AADE7C431462}
	EndGlobalSection
EndGlobal
